// !$*UTF8*$!
{
	archiveVersion = 1;
	classes = {
	};
	objectVersion = 77;
	objects = {

/* Begin PBXContainerItemProxy section */
		0F4551D22CF9F4370029EA1C /* PBXContainerItemProxy */ = {
			isa = PBXContainerItemProxy;
			containerPortal = 0F4551B52CF9F4350029EA1C /* Project object */;
			proxyType = 1;
			remoteGlobalIDString = 0F4551BC2CF9F4350029EA1C;
			remoteInfo = "X-VPN";
		};
		0F4551DC2CF9F4370029EA1C /* PBXContainerItemProxy */ = {
			isa = PBXContainerItemProxy;
			containerPortal = 0F4551B52CF9F4350029EA1C /* Project object */;
			proxyType = 1;
			remoteGlobalIDString = 0F4551BC2CF9F4350029EA1C;
			remoteInfo = "X-VPN";
		};
/* End PBXContainerItemProxy section */

/* Begin PBXFileReference section */
		0F4551BD2CF9F4350029EA1C /* X-VPN.app */ = {isa = PBXFileReference; explicitFileType = wrapper.application; includeInIndex = 0; path = "X-VPN.app"; sourceTree = BUILT_PRODUCTS_DIR; };
		0F4551D12CF9F4370029EA1C /* X-VPNTests.xctest */ = {isa = PBXFileReference; explicitFileType = wrapper.cfbundle; includeInIndex = 0; path = "X-VPNTests.xctest"; sourceTree = BUILT_PRODUCTS_DIR; };
		0F4551DB2CF9F4370029EA1C /* X-VPNUITests.xctest */ = {isa = PBXFileReference; explicitFileType = wrapper.cfbundle; includeInIndex = 0; path = "X-VPNUITests.xctest"; sourceTree = BUILT_PRODUCTS_DIR; };
/* End PBXFileReference section */

/* Begin PBXFileSystemSynchronizedBuildFileExceptionSet section */
		0F4551E32CF9F4370029EA1C /* Exceptions for "X-VPN" folder in "X-VPN" target */ = {
			isa = PBXFileSystemSynchronizedBuildFileExceptionSet;
			membershipExceptions = (
				Info.plist,
			);
			target = 0F4551BC2CF9F4350029EA1C /* X-VPN */;
		};
/* End PBXFileSystemSynchronizedBuildFileExceptionSet section */

/* Begin PBXFileSystemSynchronizedRootGroup section */
		0F4551BF2CF9F4350029EA1C /* X-VPN */ = {
			isa = PBXFileSystemSynchronizedRootGroup;
			exceptions = (
				0F4551E32CF9F4370029EA1C /* Exceptions for "X-VPN" folder in "X-VPN" target */,
			);
			path = "X-VPN";
			sourceTree = "<group>";
		};
		0F4551D42CF9F4370029EA1C /* X-VPNTests */ = {
			isa = PBXFileSystemSynchronizedRootGroup;
			path = "X-VPNTests";
			sourceTree = "<group>";
		};
		0F4551DE2CF9F4370029EA1C /* X-VPNUITests */ = {
			isa = PBXFileSystemSynchronizedRootGroup;
			path = "X-VPNUITests";
			sourceTree = "<group>";
		};
/* End PBXFileSystemSynchronizedRootGroup section */

/* Begin PBXFrameworksBuildPhase section */
		0F4551BA2CF9F4350029EA1C /* Frameworks */ = {
			isa = PBXFrameworksBuildPhase;
			buildActionMask = 2147483647;
			files = (
			);
			runOnlyForDeploymentPostprocessing = 0;
		};
		0F4551CE2CF9F4370029EA1C /* Frameworks */ = {
			isa = PBXFrameworksBuildPhase;
			buildActionMask = 2147483647;
			files = (
			);
			runOnlyForDeploymentPostprocessing = 0;
		};
		0F4551D82CF9F4370029EA1C /* Frameworks */ = {
			isa = PBXFrameworksBuildPhase;
			buildActionMask = 2147483647;
			files = (
			);
			runOnlyForDeploymentPostprocessing = 0;
		};
/* End PBXFrameworksBuildPhase section */

/* Begin PBXGroup section */
		0F4551B42CF9F4350029EA1C = {
			isa = PBXGroup;
			children = (
				0F4551BF2CF9F4350029EA1C /* X-VPN */,
				0F4551D42CF9F4370029EA1C /* X-VPNTests */,
				0F4551DE2CF9F4370029EA1C /* X-VPNUITests */,
				0F4551BE2CF9F4350029EA1C /* Products */,
			);
			sourceTree = "<group>";
		};
		0F4551BE2CF9F4350029EA1C /* Products */ = {
			isa = PBXGroup;
			children = (
				0F4551BD2CF9F4350029EA1C /* X-VPN.app */,
				0F4551D12CF9F4370029EA1C /* X-VPNTests.xctest */,
				0F4551DB2CF9F4370029EA1C /* X-VPNUITests.xctest */,
			);
			name = Products;
			sourceTree = "<group>";
		};
/* End PBXGroup section */

/* Begin PBXNativeTarget section */
		0F4551BC2CF9F4350029EA1C /* X-VPN */ = {
			isa = PBXNativeTarget;
			buildConfigurationList = 0F4551E42CF9F4370029EA1C /* Build configuration list for PBXNativeTarget "X-VPN" */;
			buildPhases = (
				0F4551B92CF9F4350029EA1C /* Sources */,
				0F4551BA2CF9F4350029EA1C /* Frameworks */,
				0F4551BB2CF9F4350029EA1C /* Resources */,
			);
			buildRules = (
			);
			dependencies = (
			);
			fileSystemSynchronizedGroups = (
				0F4551BF2CF9F4350029EA1C /* X-VPN */,
			);
			name = "X-VPN";
			packageProductDependencies = (
			);
			productName = "X-VPN";
			productReference = 0F4551BD2CF9F4350029EA1C /* X-VPN.app */;
			productType = "com.apple.product-type.application";
		};
		0F4551D02CF9F4370029EA1C /* X-VPNTests */ = {
			isa = PBXNativeTarget;
			buildConfigurationList = 0F4551E92CF9F4370029EA1C /* Build configuration list for PBXNativeTarget "X-VPNTests" */;
			buildPhases = (
				0F4551CD2CF9F4370029EA1C /* Sources */,
				0F4551CE2CF9F4370029EA1C /* Frameworks */,
				0F4551CF2CF9F4370029EA1C /* Resources */,
			);
			buildRules = (
			);
			dependencies = (
				0F4551D32CF9F4370029EA1C /* PBXTargetDependency */,
			);
			fileSystemSynchronizedGroups = (
				0F4551D42CF9F4370029EA1C /* X-VPNTests */,
			);
			name = "X-VPNTests";
			packageProductDependencies = (
			);
			productName = "X-VPNTests";
			productReference = 0F4551D12CF9F4370029EA1C /* X-VPNTests.xctest */;
			productType = "com.apple.product-type.bundle.unit-test";
		};
		0F4551DA2CF9F4370029EA1C /* X-VPNUITests */ = {
			isa = PBXNativeTarget;
			buildConfigurationList = 0F4551EC2CF9F4370029EA1C /* Build configuration list for PBXNativeTarget "X-VPNUITests" */;
			buildPhases = (
				0F4551D72CF9F4370029EA1C /* Sources */,
				0F4551D82CF9F4370029EA1C /* Frameworks */,
				0F4551D92CF9F4370029EA1C /* Resources */,
			);
			buildRules = (
			);
			dependencies = (
				0F4551DD2CF9F4370029EA1C /* PBXTargetDependency */,
			);
			fileSystemSynchronizedGroups = (
				0F4551DE2CF9F4370029EA1C /* X-VPNUITests */,
			);
			name = "X-VPNUITests";
			packageProductDependencies = (
			);
			productName = "X-VPNUITests";
			productReference = 0F4551DB2CF9F4370029EA1C /* X-VPNUITests.xctest */;
			productType = "com.apple.product-type.bundle.ui-testing";
		};
/* End PBXNativeTarget section */

/* Begin PBXProject section */
		0F4551B52CF9F4350029EA1C /* Project object */ = {
			isa = PBXProject;
			attributes = {
				BuildIndependentTargetsInParallel = 1;
				LastSwiftUpdateCheck = 1610;
				LastUpgradeCheck = 1610;
				TargetAttributes = {
					0F4551BC2CF9F4350029EA1C = {
						CreatedOnToolsVersion = 16.1;
					};
					0F4551D02CF9F4370029EA1C = {
						CreatedOnToolsVersion = 16.1;
						TestTargetID = 0F4551BC2CF9F4350029EA1C;
					};
					0F4551DA2CF9F4370029EA1C = {
						CreatedOnToolsVersion = 16.1;
						TestTargetID = 0F4551BC2CF9F4350029EA1C;
					};
				};
			};
			buildConfigurationList = 0F4551B82CF9F4350029EA1C /* Build configuration list for PBXProject "X-VPN" */;
			developmentRegion = en;
			hasScannedForEncodings = 0;
			knownRegions = (
				en,
				Base,
			);
			mainGroup = 0F4551B42CF9F4350029EA1C;
			minimizedProjectReferenceProxies = 1;
			preferredProjectObjectVersion = 77;
			productRefGroup = 0F4551BE2CF9F4350029EA1C /* Products */;
			projectDirPath = "";
			projectRoot = "";
			targets = (
				0F4551BC2CF9F4350029EA1C /* X-VPN */,
				0F4551D02CF9F4370029EA1C /* X-VPNTests */,
				0F4551DA2CF9F4370029EA1C /* X-VPNUITests */,
			);
		};
/* End PBXProject section */

/* Begin PBXResourcesBuildPhase section */
		0F4551BB2CF9F4350029EA1C /* Resources */ = {
			isa = PBXResourcesBuildPhase;
			buildActionMask = 2147483647;
			files = (
			);
			runOnlyForDeploymentPostprocessing = 0;
		};
		0F4551CF2CF9F4370029EA1C /* Resources */ = {
			isa = PBXResourcesBuildPhase;
			buildActionMask = 2147483647;
			files = (
			);
			runOnlyForDeploymentPostprocessing = 0;
		};
		0F4551D92CF9F4370029EA1C /* Resources */ = {
			isa = PBXResourcesBuildPhase;
			buildActionMask = 2147483647;
			files = (
			);
			runOnlyForDeploymentPostprocessing = 0;
		};
/* End PBXResourcesBuildPhase section */

/* Begin PBXSourcesBuildPhase section */
		0F4551B92CF9F4350029EA1C /* Sources */ = {
			isa = PBXSourcesBuildPhase;
			buildActionMask = 2147483647;
			files = (
			);
			runOnlyForDeploymentPostprocessing = 0;
		};
		0F4551CD2CF9F4370029EA1C /* Sources */ = {
			isa = PBXSourcesBuildPhase;
			buildActionMask = 2147483647;
			files = (
			);
			runOnlyForDeploymentPostprocessing = 0;
		};
		0F4551D72CF9F4370029EA1C /* Sources */ = {
			isa = PBXSourcesBuildPhase;
			buildActionMask = 2147483647;
			files = (
			);
			runOnlyForDeploymentPostprocessing = 0;
		};
/* End PBXSourcesBuildPhase section */

/* Begin PBXTargetDependency section */
		0F4551D32CF9F4370029EA1C /* PBXTargetDependency */ = {
			isa = PBXTargetDependency;
			target = 0F4551BC2CF9F4350029EA1C /* X-VPN */;
			targetProxy = 0F4551D22CF9F4370029EA1C /* PBXContainerItemProxy */;
		};
		0F4551DD2CF9F4370029EA1C /* PBXTargetDependency */ = {
			isa = PBXTargetDependency;
			target = 0F4551BC2CF9F4350029EA1C /* X-VPN */;
			targetProxy = 0F4551DC2CF9F4370029EA1C /* PBXContainerItemProxy */;
		};
/* End PBXTargetDependency section */

/* Begin XCBuildConfiguration section */
		0F4551E52CF9F4370029EA1C /* Debug */ = {
			isa = XCBuildConfiguration;
			buildSettings = {
				ASSETCATALOG_COMPILER_APPICON_NAME = AppIcon;
				ASSETCATALOG_COMPILER_GLOBAL_ACCENT_COLOR_NAME = AccentColor;
				CODE_SIGN_ENTITLEMENTS = "X-VPN/X_VPN.entitlements";
				CODE_SIGN_STYLE = Automatic;
				CURRENT_PROJECT_VERSION = 1;
				DEVELOPMENT_ASSET_PATHS = "\"X-VPN/Preview Content\"";
				DEVELOPMENT_TEAM = GZBMK3P2C3;
				ENABLE_PREVIEWS = YES;
				GENERATE_INFOPLIST_FILE = YES;
				INFOPLIST_FILE = "X-VPN/Info.plist";
				INFOPLIST_KEY_UIApplicationSceneManifest_Generation = YES;
				INFOPLIST_KEY_UIApplicationSupportsIndirectInputEvents = YES;
				INFOPLIST_KEY_UILaunchScreen_Generation = YES;
				INFOPLIST_KEY_UISupportedInterfaceOrientations_iPad = "UIInterfaceOrientationPortrait UIInterfaceOrientationPortraitUpsideDown UIInterfaceOrientationLandscapeLeft UIInterfaceOrientationLandscapeRight";
				INFOPLIST_KEY_UISupportedInterfaceOrientations_iPhone = "UIInterfaceOrientationPortrait UIInterfaceOrientationLandscapeLeft UIInterfaceOrientationLandscapeRight";
				LD_RUNPATH_SEARCH_PATHS = (
					"$(inherited)",
					"@executable_path/Frameworks",
				);
				MARKETING_VERSION = 1.0;
				PRODUCT_BUNDLE_IDENTIFIER = tanvir.x.vpn;
				PRODUCT_NAME = "$(TARGET_NAME)";
				SWIFT_EMIT_LOC_STRINGS = YES;
				SWIFT_VERSION = 5.0;
				TARGETED_DEVICE_FAMILY = "1,2";
			};
			name = Debug;
		};
		0F4551E62CF9F4370029EA1C /* Release */ = {
			isa = XCBuildConfiguration;
			buildSettings = {
				ASSETCATALOG_COMPILER_APPICON_NAME = AppIcon;
				ASSETCATALOG_COMPILER_GLOBAL_ACCENT_COLOR_NAME = AccentColor;
				CODE_SIGN_ENTITLEMENTS = "X-VPN/X_VPN.entitlements";
				CODE_SIGN_STYLE = Automatic;
				CURRENT_PROJECT_VERSION = 1;
				DEVELOPMENT_ASSET_PATHS = "\"X-VPN/Preview Content\"";
				DEVELOPMENT_TEAM = GZBMK3P2C3;
				ENABLE_PREVIEWS = YES;
				GENERATE_INFOPLIST_FILE = YES;
				INFOPLIST_FILE = "X-VPN/Info.plist";
				INFOPLIST_KEY_UIApplicationSceneManifest_Generation = YES;
				INFOPLIST_KEY_UIApplicationSupportsIndirectInputEvents = YES;
				INFOPLIST_KEY_UILaunchScreen_Generation = YES;
				INFOPLIST_KEY_UISupportedInterfaceOrientations_iPad = "UIInterfaceOrientationPortrait UIInterfaceOrientationPortraitUpsideDown UIInterfaceOrientationLandscapeLeft UIInterfaceOrientationLandscapeRight";
				INFOPLIST_KEY_UISupportedInterfaceOrientations_iPhone = "UIInterfaceOrientationPortrait UIInterfaceOrientationLandscapeLeft UIInterfaceOrientationLandscapeRight";
				LD_RUNPATH_SEARCH_PATHS = (
					"$(inherited)",
					"@executable_path/Frameworks",
				);
				MARKETING_VERSION = 1.0;
				PRODUCT_BUNDLE_IDENTIFIER = tanvir.x.vpn;
				PRODUCT_NAME = "$(TARGET_NAME)";
				SWIFT_EMIT_LOC_STRINGS = YES;
				SWIFT_VERSION = 5.0;
				TARGETED_DEVICE_FAMILY = "1,2";
			};
			name = Release;
		};
		0F4551E72CF9F4370029EA1C /* Debug */ = {
			isa = XCBuildConfiguration;
			buildSettings = {
				ALWAYS_SEARCH_USER_PATHS = NO;
				ASSETCATALOG_COMPILER_GENERATE_SWIFT_ASSET_SYMBOL_EXTENSIONS = YES;
				CLANG_ANALYZER_NONNULL = YES;
				CLANG_ANALYZER_NUMBER_OBJECT_CONVERSION = YES_AGGRESSIVE;
				CLANG_CXX_LANGUAGE_STANDARD = "gnu++20";
				CLANG_ENABLE_MODULES = YES;
				CLANG_ENABLE_OBJC_ARC = YES;
				CLANG_ENABLE_OBJC_WEAK = YES;
				CLANG_WARN_BLOCK_CAPTURE_AUTORELEASING = YES;
				CLANG_WARN_BOOL_CONVERSION = YES;
				CLANG_WARN_COMMA = YES;
				CLANG_WARN_CONSTANT_CONVERSION = YES;
				CLANG_WARN_DEPRECATED_OBJC_IMPLEMENTATIONS = YES;
				CLANG_WARN_DIRECT_OBJC_ISA_USAGE = YES_ERROR;
				CLANG_WARN_DOCUMENTATION_COMMENTS = YES;
				CLANG_WARN_EMPTY_BODY = YES;
				CLANG_WARN_ENUM_CONVERSION = YES;
				CLANG_WARN_INFINITE_RECURSION = YES;
				CLANG_WARN_INT_CONVERSION = YES;
				CLANG_WARN_NON_LITERAL_NULL_CONVERSION = YES;
				CLANG_WARN_OBJC_IMPLICIT_RETAIN_SELF = YES;
				CLANG_WARN_OBJC_LITERAL_CONVERSION = YES;
				CLANG_WARN_OBJC_ROOT_CLASS = YES_ERROR;
				CLANG_WARN_QUOTED_INCLUDE_IN_FRAMEWORK_HEADER = YES;
				CLANG_WARN_RANGE_LOOP_ANALYSIS = YES;
				CLANG_WARN_STRICT_PROTOTYPES = YES;
				CLANG_WARN_SUSPICIOUS_MOVE = YES;
				CLANG_WARN_UNGUARDED_AVAILABILITY = YES_AGGRESSIVE;
				CLANG_WARN_UNREACHABLE_CODE = YES;
				CLANG_WARN__DUPLICATE_METHOD_MATCH = YES;
				COPY_PHASE_STRIP = NO;
				DEBUG_INFORMATION_FORMAT = dwarf;
				ENABLE_STRICT_OBJC_MSGSEND = YES;
				ENABLE_TESTABILITY = YES;
				ENABLE_USER_SCRIPT_SANDBOXING = YES;
				GCC_C_LANGUAGE_STANDARD = gnu17;
				GCC_DYNAMIC_NO_PIC = NO;
				GCC_NO_COMMON_BLOCKS = YES;
				GCC_OPTIMIZATION_LEVEL = 0;
				GCC_PREPROCESSOR_DEFINITIONS = (
					"DEBUG=1",
					"$(inherited)",
				);
				GCC_WARN_64_TO_32_BIT_CONVERSION = YES;
				GCC_WARN_ABOUT_RETURN_TYPE = YES_ERROR;
				GCC_WARN_UNDECLARED_SELECTOR = YES;
				GCC_WARN_UNINITIALIZED_AUTOS = YES_AGGRESSIVE;
				GCC_WARN_UNUSED_FUNCTION = YES;
				GCC_WARN_UNUSED_VARIABLE = YES;
				IPHONEOS_DEPLOYMENT_TARGET = 18.1;
				LOCALIZATION_PREFERS_STRING_CATALOGS = YES;
				MTL_ENABLE_DEBUG_INFO = INCLUDE_SOURCE;
				MTL_FAST_MATH = YES;
				ONLY_ACTIVE_ARCH = YES;
				SDKROOT = iphoneos;
				SWIFT_ACTIVE_COMPILATION_CONDITIONS = "DEBUG $(inherited)";
				SWIFT_OPTIMIZATION_LEVEL = "-Onone";
			};
			name = Debug;
		};
		0F4551E82CF9F4370029EA1C /* Release */ = {
			isa = XCBuildConfiguration;
			buildSettings = {
				ALWAYS_SEARCH_USER_PATHS = NO;
				ASSETCATALOG_COMPILER_GENERATE_SWIFT_ASSET_SYMBOL_EXTENSIONS = YES;
				CLANG_ANALYZER_NONNULL = YES;
				CLANG_ANALYZER_NUMBER_OBJECT_CONVERSION = YES_AGGRESSIVE;
				CLANG_CXX_LANGUAGE_STANDARD = "gnu++20";
				CLANG_ENABLE_MODULES = YES;
				CLANG_ENABLE_OBJC_ARC = YES;
				CLANG_ENABLE_OBJC_WEAK = YES;
				CLANG_WARN_BLOCK_CAPTURE_AUTORELEASING = YES;
				CLANG_WARN_BOOL_CONVERSION = YES;
				CLANG_WARN_COMMA = YES;
				CLANG_WARN_CONSTANT_CONVERSION = YES;
				CLANG_WARN_DEPRECATED_OBJC_IMPLEMENTATIONS = YES;
				CLANG_WARN_DIRECT_OBJC_ISA_USAGE = YES_ERROR;
				CLANG_WARN_DOCUMENTATION_COMMENTS = YES;
				CLANG_WARN_EMPTY_BODY = YES;
				CLANG_WARN_ENUM_CONVERSION = YES;
				CLANG_WARN_INFINITE_RECURSION = YES;
				CLANG_WARN_INT_CONVERSION = YES;
				CLANG_WARN_NON_LITERAL_NULL_CONVERSION = YES;
				CLANG_WARN_OBJC_IMPLICIT_RETAIN_SELF = YES;
				CLANG_WARN_OBJC_LITERAL_CONVERSION = YES;
				CLANG_WARN_OBJC_ROOT_CLASS = YES_ERROR;
				CLANG_WARN_QUOTED_INCLUDE_IN_FRAMEWORK_HEADER = YES;
				CLANG_WARN_RANGE_LOOP_ANALYSIS = YES;
				CLANG_WARN_STRICT_PROTOTYPES = YES;
				CLANG_WARN_SUSPICIOUS_MOVE = YES;
				CLANG_WARN_UNGUARDED_AVAILABILITY = YES_AGGRESSIVE;
				CLANG_WARN_UNREACHABLE_CODE = YES;
				CLANG_WARN__DUPLICATE_METHOD_MATCH = YES;
				COPY_PHASE_STRIP = NO;
				DEBUG_INFORMATION_FORMAT = "dwarf-with-dsym";
				ENABLE_NS_ASSERTIONS = NO;
				ENABLE_STRICT_OBJC_MSGSEND = YES;
				ENABLE_USER_SCRIPT_SANDBOXING = YES;
				GCC_C_LANGUAGE_STANDARD = gnu17;
				GCC_NO_COMMON_BLOCKS = YES;
				GCC_WARN_64_TO_32_BIT_CONVERSION = YES;
				GCC_WARN_ABOUT_RETURN_TYPE = YES_ERROR;
				GCC_WARN_UNDECLARED_SELECTOR = YES;
				GCC_WARN_UNINITIALIZED_AUTOS = YES_AGGRESSIVE;
				GCC_WARN_UNUSED_FUNCTION = YES;
				GCC_WARN_UNUSED_VARIABLE = YES;
				IPHONEOS_DEPLOYMENT_TARGET = 18.1;
				LOCALIZATION_PREFERS_STRING_CATALOGS = YES;
				MTL_ENABLE_DEBUG_INFO = NO;
				MTL_FAST_MATH = YES;
				SDKROOT = iphoneos;
				SWIFT_COMPILATION_MODE = wholemodule;
				VALIDATE_PRODUCT = YES;
			};
			name = Release;
		};
		0F4551EA2CF9F4370029EA1C /* Debug */ = {
			isa = XCBuildConfiguration;
			buildSettings = {
				BUNDLE_LOADER = "$(TEST_HOST)";
				CODE_SIGN_STYLE = Automatic;
				CURRENT_PROJECT_VERSION = 1;
				DEVELOPMENT_TEAM = GZBMK3P2C3;
				GENERATE_INFOPLIST_FILE = YES;
				IPHONEOS_DEPLOYMENT_TARGET = 18.1;
				MARKETING_VERSION = 1.0;
				PRODUCT_BUNDLE_IDENTIFIER = "tanvir.X-VPNTests";
				PRODUCT_NAME = "$(TARGET_NAME)";
				SWIFT_EMIT_LOC_STRINGS = NO;
				SWIFT_VERSION = 5.0;
				TARGETED_DEVICE_FAMILY = "1,2";
				TEST_HOST = "$(BUILT_PRODUCTS_DIR)/X-VPN.app/$(BUNDLE_EXECUTABLE_FOLDER_PATH)/X-VPN";
			};
			name = Debug;
		};
		0F4551EB2CF9F4370029EA1C /* Release */ = {
			isa = XCBuildConfiguration;
			buildSettings = {
				BUNDLE_LOADER = "$(TEST_HOST)";
				CODE_SIGN_STYLE = Automatic;
				CURRENT_PROJECT_VERSION = 1;
				DEVELOPMENT_TEAM = GZBMK3P2C3;
				GENERATE_INFOPLIST_FILE = YES;
				IPHONEOS_DEPLOYMENT_TARGET = 18.1;
				MARKETING_VERSION = 1.0;
				PRODUCT_BUNDLE_IDENTIFIER = "tanvir.X-VPNTests";
				PRODUCT_NAME = "$(TARGET_NAME)";
				SWIFT_EMIT_LOC_STRINGS = NO;
				SWIFT_VERSION = 5.0;
				TARGETED_DEVICE_FAMILY = "1,2";
				TEST_HOST = "$(BUILT_PRODUCTS_DIR)/X-VPN.app/$(BUNDLE_EXECUTABLE_FOLDER_PATH)/X-VPN";
			};
			name = Release;
		};
		0F4551ED2CF9F4370029EA1C /* Debug */ = {
			isa = XCBuildConfiguration;
			buildSettings = {
				CODE_SIGN_STYLE = Automatic;
				CURRENT_PROJECT_VERSION = 1;
				DEVELOPMENT_TEAM = GZBMK3P2C3;
				GENERATE_INFOPLIST_FILE = YES;
				MARKETING_VERSION = 1.0;
				PRODUCT_BUNDLE_IDENTIFIER = "tanvir.X-VPNUITests";
				PRODUCT_NAME = "$(TARGET_NAME)";
				SWIFT_EMIT_LOC_STRINGS = NO;
				SWIFT_VERSION = 5.0;
				TARGETED_DEVICE_FAMILY = "1,2";
				TEST_TARGET_NAME = "X-VPN";
			};
			name = Debug;
		};
		0F4551EE2CF9F4370029EA1C /* Release */ = {
			isa = XCBuildConfiguration;
			buildSettings = {
				CODE_SIGN_STYLE = Automatic;
				CURRENT_PROJECT_VERSION = 1;
				DEVELOPMENT_TEAM = GZBMK3P2C3;
				GENERATE_INFOPLIST_FILE = YES;
				MARKETING_VERSION = 1.0;
				PRODUCT_BUNDLE_IDENTIFIER = "tanvir.X-VPNUITests";
				PRODUCT_NAME = "$(TARGET_NAME)";
				SWIFT_EMIT_LOC_STRINGS = NO;
				SWIFT_VERSION = 5.0;
				TARGETED_DEVICE_FAMILY = "1,2";
				TEST_TARGET_NAME = "X-VPN";
			};
			name = Release;
		};
/* End XCBuildConfiguration section */

/* Begin XCConfigurationList section */
		0F4551B82CF9F4350029EA1C /* Build configuration list for PBXProject "X-VPN" */ = {
			isa = XCConfigurationList;
			buildConfigurations = (
				0F4551E72CF9F4370029EA1C /* Debug */,
				0F4551E82CF9F4370029EA1C /* Release */,
			);
			defaultConfigurationIsVisible = 0;
			defaultConfigurationName = Release;
		};
		0F4551E42CF9F4370029EA1C /* Build configuration list for PBXNativeTarget "X-VPN" */ = {
			isa = XCConfigurationList;
			buildConfigurations = (
				0F4551E52CF9F4370029EA1C /* Debug */,
				0F4551E62CF9F4370029EA1C /* Release */,
			);
			defaultConfigurationIsVisible = 0;
			defaultConfigurationName = Release;
		};
		0F4551E92CF9F4370029EA1C /* Build configuration list for PBXNativeTarget "X-VPNTests" */ = {
			isa = XCConfigurationList;
			buildConfigurations = (
				0F4551EA2CF9F4370029EA1C /* Debug */,
				0F4551EB2CF9F4370029EA1C /* Release */,
			);
			defaultConfigurationIsVisible = 0;
			defaultConfigurationName = Release;
		};
		0F4551EC2CF9F4370029EA1C /* Build configuration list for PBXNativeTarget "X-VPNUITests" */ = {
			isa = XCConfigurationList;
			buildConfigurations = (
				0F4551ED2CF9F4370029EA1C /* Debug */,
				0F4551EE2CF9F4370029EA1C /* Release */,
			);
			defaultConfigurationIsVisible = 0;
			defaultConfigurationName = Release;
		};
/* End XCConfigurationList section */
	};
	rootObject = 0F4551B52CF9F4350029EA1C /* Project object */;
}
